
Microsoft Visual Studio Solution File, Format Version 12.00
# Visual Studio Version 17
VisualStudioVersion = 17.3.32929.385
MinimumVisualStudioVersion = 10.0.40219.1
Project("{FAE04EC0-301F-11D3-BF4B-00C04F79EFBC}") = "Practical_Task_Dev_and_Build_Tools", "Practical_Task_Dev_and_Build_Tools.csproj", "{8F979222-C19E-441F-9C3C-4ED74AE9AAE6}"
EndProject
Project("{FAE04EC0-301F-11D3-BF4B-00C04F79EFBC}") = "StringLibrary", "..\StringLibrary\StringLibrary.csproj", "{75E6AEAC-9D1F-4065-88DD-7EAFE44F6882}"
EndProject
Global
	GlobalSection(SolutionConfigurationPlatforms) = preSolution
		Debug|Any CPU = Debug|Any CPU
		Release|Any CPU = Release|Any CPU
	EndGlobalSection
	GlobalSection(ProjectConfigurationPlatforms) = postSolution
		{8F979222-C19E-441F-9C3C-4ED74AE9AAE6}.Debug|Any CPU.ActiveCfg = Debug|Any CPU
		{8F979222-C19E-441F-9C3C-4ED74AE9AAE6}.Debug|Any CPU.Build.0 = Debug|Any CPU
		{8F979222-C19E-441F-9C3C-4ED74AE9AAE6}.Release|Any CPU.ActiveCfg = Release|Any CPU
		{8F979222-C19E-441F-9C3C-4ED74AE9AAE6}.Release|Any CPU.Build.0 = Release|Any CPU
		{75E6AEAC-9D1F-4065-88DD-7EAFE44F6882}.Debug|Any CPU.ActiveCfg = Debug|Any CPU
		{75E6AEAC-9D1F-4065-88DD-7EAFE44F6882}.Debug|Any CPU.Build.0 = Debug|Any CPU
		{75E6AEAC-9D1F-4065-88DD-7EAFE44F6882}.Release|Any CPU.ActiveCfg = Release|Any CPU
		{75E6AEAC-9D1F-4065-88DD-7EAFE44F6882}.Release|Any CPU.Build.0 = Release|Any CPU
	EndGlobalSection
	GlobalSection(SolutionProperties) = preSolution
		HideSolutionNode = FALSE
	EndGlobalSection
	GlobalSection(ExtensibilityGlobals) = postSolution
		SolutionGuid = {EDC94B9B-76B1-4CC3-9FAD-3754AD644C7C}
	EndGlobalSection
EndGlobal
